
Microsoft Visual Studio Solution File, Format Version 12.00
# Visual Studio 15
VisualStudioVersion = 15.0.27004.2010
MinimumVisualStudioVersion = 10.0.40219.1
Project("{E24C65DC-7377-472B-9ABA-BC803B73C61A}") = "xiaotianbai_project_java_jsp", ".", "{1F45BF38-23DE-49D6-A700-BF7B3062A9A1}"
	ProjectSection(WebsiteProperties) = preProject
		TargetFrameworkMoniker = ".NETFramework,Version%3Dv4.0"
		Debug.AspNetCompiler.VirtualPath = "/localhost_55004"
		Debug.AspNetCompiler.PhysicalPath = "..\xiaotianbai_project_java_jsp\"
		Debug.AspNetCompiler.TargetPath = "PrecompiledWeb\localhost_55004\"
		Debug.AspNetCompiler.Updateable = "true"
		Debug.AspNetCompiler.ForceOverwrite = "true"
		Debug.AspNetCompiler.FixedNames = "false"
		Debug.AspNetCompiler.Debug = "True"
		Release.AspNetCompiler.VirtualPath = "/localhost_55004"
		Release.AspNetCompiler.PhysicalPath = "..\xiaotianbai_project_java_jsp\"
		Release.AspNetCompiler.TargetPath = "PrecompiledWeb\localhost_55004\"
		Release.AspNetCompiler.Updateable = "true"
		Release.AspNetCompiler.ForceOverwrite = "true"
		Release.AspNetCompiler.FixedNames = "false"
		Release.AspNetCompiler.Debug = "False"
		VWDPort = "55004"
		SlnRelativePath = "..\xiaotianbai_project_java_jsp\"
	EndProjectSection
EndProject
Global
	GlobalSection(SolutionConfigurationPlatforms) = preSolution
		Debug|Any CPU = Debug|Any CPU
	EndGlobalSection
	GlobalSection(ProjectConfigurationPlatforms) = postSolution
		{1F45BF38-23DE-49D6-A700-BF7B3062A9A1}.Debug|Any CPU.ActiveCfg = Debug|Any CPU
		{1F45BF38-23DE-49D6-A700-BF7B3062A9A1}.Debug|Any CPU.Build.0 = Debug|Any CPU
	EndGlobalSection
	GlobalSection(SolutionProperties) = preSolution
		HideSolutionNode = FALSE
	EndGlobalSection
	GlobalSection(ExtensibilityGlobals) = postSolution
		SolutionGuid = {57FC6C23-51AE-4400-8508-1E4F3E1A5068}
	EndGlobalSection
EndGlobal
